
Microsoft Visual Studio Solution File, Format Version 12.00
# Visual Studio Version 17
VisualStudioVersion = 17.10.34928.147
MinimumVisualStudioVersion = 10.0.40219.1
Project("{888888A0-9F3D-457C-B088-3A5042F75D52}") = "Currency converter", "Currency converter\Currency converter.pyproj", "{3BD14E66-5B3F-4BE5-B091-633E701C322F}"
EndProject
Global
	GlobalSection(SolutionConfigurationPlatforms) = preSolution
		Debug|Any CPU = Debug|Any CPU
		Release|Any CPU = Release|Any CPU
	EndGlobalSection
	GlobalSection(ProjectConfigurationPlatforms) = postSolution
		{3BD14E66-5B3F-4BE5-B091-633E701C322F}.Debug|Any CPU.ActiveCfg = Debug|Any CPU
		{3BD14E66-5B3F-4BE5-B091-633E701C322F}.Release|Any CPU.ActiveCfg = Release|Any CPU
	EndGlobalSection
	GlobalSection(SolutionProperties) = preSolution
		HideSolutionNode = FALSE
	EndGlobalSection
	GlobalSection(ExtensibilityGlobals) = postSolution
		SolutionGuid = {FDC876E5-FD04-4A0F-9D61-A08D41953CFE}
	EndGlobalSection
EndGlobal
